// !$*UTF8*$!
{
	archiveVersion = 1;
	classes = {
	};
	objectVersion = 52;
	objects = {

/* Begin PBXBuildFile section */
		50BD6B3D246FD4E100C70433 /* AppDelegate.swift in Sources */ = {isa = PBXBuildFile; fileRef = 50BD6B3C246FD4E100C70433 /* AppDelegate.swift */; };
		50BD6B41246FD4E100C70433 /* ViewController.swift in Sources */ = {isa = PBXBuildFile; fileRef = 50BD6B40246FD4E100C70433 /* ViewController.swift */; };
		50BD6B44246FD4E100C70433 /* Main.storyboard in Resources */ = {isa = PBXBuildFile; fileRef = 50BD6B42246FD4E100C70433 /* Main.storyboard */; };
		50BD6B46246FD4E200C70433 /* Assets.xcassets in Resources */ = {isa = PBXBuildFile; fileRef = 50BD6B45246FD4E200C70433 /* Assets.xcassets */; };
		50BD6B49246FD4E200C70433 /* LaunchScreen.storyboard in Resources */ = {isa = PBXBuildFile; fileRef = 50BD6B47246FD4E200C70433 /* LaunchScreen.storyboard */; };
		50BD6B51246FD8FC00C70433 /* Then.swift in Sources */ = {isa = PBXBuildFile; fileRef = 50BD6B50246FD8FC00C70433 /* Then.swift */; };
		50BD6B75246FE42200C70433 /* SceneDelegate.swift in Sources */ = {isa = PBXBuildFile; fileRef = 50BD6B74246FE42200C70433 /* SceneDelegate.swift */; };
		50BD6B87246FEC7800C70433 /* State.framework in Frameworks */ = {isa = PBXBuildFile; fileRef = 50BD6B7E246FEC7800C70433 /* State.framework */; };
		50BD6B90246FEC7900C70433 /* State.h in Headers */ = {isa = PBXBuildFile; fileRef = 50BD6B80246FEC7800C70433 /* State.h */; settings = {ATTRIBUTES = (Public, ); }; };
		50BD6B93246FEC7900C70433 /* State.framework in Frameworks */ = {isa = PBXBuildFile; fileRef = 50BD6B7E246FEC7800C70433 /* State.framework */; };
		50BD6B94246FEC7900C70433 /* State.framework in Embed Frameworks */ = {isa = PBXBuildFile; fileRef = 50BD6B7E246FEC7800C70433 /* State.framework */; settings = {ATTRIBUTES = (CodeSignOnCopy, RemoveHeadersOnCopy, ); }; };
		50BD6B9D246FECA400C70433 /* Store.swift in Sources */ = {isa = PBXBuildFile; fileRef = 50BD6B9C246FECA400C70433 /* Store.swift */; };
		50BD6BA0246FED6800C70433 /* ReSwift in Frameworks */ = {isa = PBXBuildFile; productRef = 50BD6B9F246FED6800C70433 /* ReSwift */; };
		50BD6BA6246FF81E00C70433 /* PlayerViewController.swift in Sources */ = {isa = PBXBuildFile; fileRef = 50BD6BA5246FF81E00C70433 /* PlayerViewController.swift */; };
		50BD6BA8246FF84600C70433 /* NSLayoutConstraints+Helpers.swift in Sources */ = {isa = PBXBuildFile; fileRef = 50BD6BA7246FF84600C70433 /* NSLayoutConstraints+Helpers.swift */; };
		50BD6BAA246FFA5000C70433 /* KeyboardInputHandler.swift in Sources */ = {isa = PBXBuildFile; fileRef = 50BD6BA9246FFA5000C70433 /* KeyboardInputHandler.swift */; };
		50BD6BAC246FFBCD00C70433 /* WalkAction.swift in Sources */ = {isa = PBXBuildFile; fileRef = 50BD6BAB246FFBCD00C70433 /* WalkAction.swift */; };
		50BD6BAE246FFC6E00C70433 /* ReduceWalkingTests.swift in Sources */ = {isa = PBXBuildFile; fileRef = 50BD6BAD246FFC6E00C70433 /* ReduceWalkingTests.swift */; };
		50BD6BB0246FFFA300C70433 /* UIViewController+Child.swift in Sources */ = {isa = PBXBuildFile; fileRef = 50BD6BAF246FFFA300C70433 /* UIViewController+Child.swift */; };
/* End PBXBuildFile section */

/* Begin PBXContainerItemProxy section */
		50BD6B88246FEC7800C70433 /* PBXContainerItemProxy */ = {
			isa = PBXContainerItemProxy;
			containerPortal = 50BD6B31246FD4E100C70433 /* Project object */;
			proxyType = 1;
			remoteGlobalIDString = 50BD6B7D246FEC7800C70433;
			remoteInfo = State;
		};
		50BD6B8A246FEC7800C70433 /* PBXContainerItemProxy */ = {
			isa = PBXContainerItemProxy;
			containerPortal = 50BD6B31246FD4E100C70433 /* Project object */;
			proxyType = 1;
			remoteGlobalIDString = 50BD6B38246FD4E100C70433;
			remoteInfo = "ReSwift-Mario";
		};
		50BD6B91246FEC7900C70433 /* PBXContainerItemProxy */ = {
			isa = PBXContainerItemProxy;
			containerPortal = 50BD6B31246FD4E100C70433 /* Project object */;
			proxyType = 1;
			remoteGlobalIDString = 50BD6B7D246FEC7800C70433;
			remoteInfo = State;
		};
/* End PBXContainerItemProxy section */

/* Begin PBXCopyFilesBuildPhase section */
		50BD6B98246FEC7900C70433 /* Embed Frameworks */ = {
			isa = PBXCopyFilesBuildPhase;
			buildActionMask = 2147483647;
			dstPath = "";
			dstSubfolderSpec = 10;
			files = (
				50BD6B94246FEC7900C70433 /* State.framework in Embed Frameworks */,
			);
			name = "Embed Frameworks";
			runOnlyForDeploymentPostprocessing = 0;
		};
/* End PBXCopyFilesBuildPhase section */

/* Begin PBXFileReference section */
		50BD6B39246FD4E100C70433 /* ReSwift-Mario.app */ = {isa = PBXFileReference; explicitFileType = wrapper.application; includeInIndex = 0; path = "ReSwift-Mario.app"; sourceTree = BUILT_PRODUCTS_DIR; };
		50BD6B3C246FD4E100C70433 /* AppDelegate.swift */ = {isa = PBXFileReference; lastKnownFileType = sourcecode.swift; path = AppDelegate.swift; sourceTree = "<group>"; };
		50BD6B40246FD4E100C70433 /* ViewController.swift */ = {isa = PBXFileReference; lastKnownFileType = sourcecode.swift; path = ViewController.swift; sourceTree = "<group>"; };
		50BD6B43246FD4E100C70433 /* Base */ = {isa = PBXFileReference; lastKnownFileType = file.storyboard; name = Base; path = Base.lproj/Main.storyboard; sourceTree = "<group>"; };
		50BD6B45246FD4E200C70433 /* Assets.xcassets */ = {isa = PBXFileReference; lastKnownFileType = folder.assetcatalog; path = Assets.xcassets; sourceTree = "<group>"; };
		50BD6B48246FD4E200C70433 /* Base */ = {isa = PBXFileReference; lastKnownFileType = file.storyboard; name = Base; path = Base.lproj/LaunchScreen.storyboard; sourceTree = "<group>"; };
		50BD6B4A246FD4E200C70433 /* Info.plist */ = {isa = PBXFileReference; lastKnownFileType = text.plist.xml; path = Info.plist; sourceTree = "<group>"; };
		50BD6B50246FD8FC00C70433 /* Then.swift */ = {isa = PBXFileReference; lastKnownFileType = sourcecode.swift; path = Then.swift; sourceTree = "<group>"; };
		50BD6B52246FDA3000C70433 /* README.md */ = {isa = PBXFileReference; lastKnownFileType = net.daringfireball.markdown; path = README.md; sourceTree = "<group>"; };
		50BD6B53246FDA3000C70433 /* LICENSE */ = {isa = PBXFileReference; lastKnownFileType = text; path = LICENSE; sourceTree = "<group>"; };
		50BD6B74246FE42200C70433 /* SceneDelegate.swift */ = {isa = PBXFileReference; fileEncoding = 4; lastKnownFileType = sourcecode.swift; path = SceneDelegate.swift; sourceTree = "<group>"; };
		50BD6B7E246FEC7800C70433 /* State.framework */ = {isa = PBXFileReference; explicitFileType = wrapper.framework; includeInIndex = 0; path = State.framework; sourceTree = BUILT_PRODUCTS_DIR; };
		50BD6B80246FEC7800C70433 /* State.h */ = {isa = PBXFileReference; lastKnownFileType = sourcecode.c.h; path = State.h; sourceTree = "<group>"; };
		50BD6B81246FEC7800C70433 /* Info.plist */ = {isa = PBXFileReference; lastKnownFileType = text.plist.xml; path = Info.plist; sourceTree = "<group>"; };
		50BD6B86246FEC7800C70433 /* StateTests.xctest */ = {isa = PBXFileReference; explicitFileType = wrapper.cfbundle; includeInIndex = 0; path = StateTests.xctest; sourceTree = BUILT_PRODUCTS_DIR; };
		50BD6B8F246FEC7800C70433 /* Info.plist */ = {isa = PBXFileReference; lastKnownFileType = text.plist.xml; path = Info.plist; sourceTree = "<group>"; };
		50BD6B9C246FECA400C70433 /* Store.swift */ = {isa = PBXFileReference; lastKnownFileType = sourcecode.swift; path = Store.swift; sourceTree = "<group>"; };
		50BD6BA5246FF81E00C70433 /* PlayerViewController.swift */ = {isa = PBXFileReference; lastKnownFileType = sourcecode.swift; path = PlayerViewController.swift; sourceTree = "<group>"; };
		50BD6BA7246FF84600C70433 /* NSLayoutConstraints+Helpers.swift */ = {isa = PBXFileReference; lastKnownFileType = sourcecode.swift; path = "NSLayoutConstraints+Helpers.swift"; sourceTree = "<group>"; };
		50BD6BA9246FFA5000C70433 /* KeyboardInputHandler.swift */ = {isa = PBXFileReference; lastKnownFileType = sourcecode.swift; path = KeyboardInputHandler.swift; sourceTree = "<group>"; };
		50BD6BAB246FFBCD00C70433 /* WalkAction.swift */ = {isa = PBXFileReference; lastKnownFileType = sourcecode.swift; path = WalkAction.swift; sourceTree = "<group>"; };
		50BD6BAD246FFC6E00C70433 /* ReduceWalkingTests.swift */ = {isa = PBXFileReference; lastKnownFileType = sourcecode.swift; path = ReduceWalkingTests.swift; sourceTree = "<group>"; };
		50BD6BAF246FFFA300C70433 /* UIViewController+Child.swift */ = {isa = PBXFileReference; lastKnownFileType = sourcecode.swift; path = "UIViewController+Child.swift"; sourceTree = "<group>"; };
/* End PBXFileReference section */

/* Begin PBXFrameworksBuildPhase section */
		50BD6B36246FD4E100C70433 /* Frameworks */ = {
			isa = PBXFrameworksBuildPhase;
			buildActionMask = 2147483647;
			files = (
				50BD6B93246FEC7900C70433 /* State.framework in Frameworks */,
			);
			runOnlyForDeploymentPostprocessing = 0;
		};
		50BD6B7B246FEC7800C70433 /* Frameworks */ = {
			isa = PBXFrameworksBuildPhase;
			buildActionMask = 2147483647;
			files = (
				50BD6BA0246FED6800C70433 /* ReSwift in Frameworks */,
			);
			runOnlyForDeploymentPostprocessing = 0;
		};
		50BD6B83246FEC7800C70433 /* Frameworks */ = {
			isa = PBXFrameworksBuildPhase;
			buildActionMask = 2147483647;
			files = (
				50BD6B87246FEC7800C70433 /* State.framework in Frameworks */,
			);
			runOnlyForDeploymentPostprocessing = 0;
		};
/* End PBXFrameworksBuildPhase section */

/* Begin PBXGroup section */
		50BD6B30246FD4E100C70433 = {
			isa = PBXGroup;
			children = (
				50BD6B53246FDA3000C70433 /* LICENSE */,
				50BD6B52246FDA3000C70433 /* README.md */,
				50BD6B3B246FD4E100C70433 /* ReSwift-Mario */,
				50BD6B7F246FEC7800C70433 /* State */,
				50BD6B8C246FEC7800C70433 /* StateTests */,
				50BD6B3A246FD4E100C70433 /* Products */,
				50BD6B9E246FED6800C70433 /* Frameworks */,
			);
			sourceTree = "<group>";
		};
		50BD6B3A246FD4E100C70433 /* Products */ = {
			isa = PBXGroup;
			children = (
				50BD6B39246FD4E100C70433 /* ReSwift-Mario.app */,
				50BD6B7E246FEC7800C70433 /* State.framework */,
				50BD6B86246FEC7800C70433 /* StateTests.xctest */,
			);
			name = Products;
			sourceTree = "<group>";
		};
		50BD6B3B246FD4E100C70433 /* ReSwift-Mario */ = {
			isa = PBXGroup;
			children = (
				50BD6B3C246FD4E100C70433 /* AppDelegate.swift */,
				50BD6BA9246FFA5000C70433 /* KeyboardInputHandler.swift */,
				50BD6B74246FE42200C70433 /* SceneDelegate.swift */,
				50BD6B40246FD4E100C70433 /* ViewController.swift */,
				50BD6BA5246FF81E00C70433 /* PlayerViewController.swift */,
				50BD6BA7246FF84600C70433 /* NSLayoutConstraints+Helpers.swift */,
				50BD6BAF246FFFA300C70433 /* UIViewController+Child.swift */,
				50BD6B50246FD8FC00C70433 /* Then.swift */,
				50BD6B42246FD4E100C70433 /* Main.storyboard */,
				50BD6B45246FD4E200C70433 /* Assets.xcassets */,
				50BD6B47246FD4E200C70433 /* LaunchScreen.storyboard */,
				50BD6B4A246FD4E200C70433 /* Info.plist */,
			);
			path = "ReSwift-Mario";
			sourceTree = "<group>";
		};
		50BD6B7F246FEC7800C70433 /* State */ = {
			isa = PBXGroup;
			children = (
				50BD6B80246FEC7800C70433 /* State.h */,
				50BD6B9C246FECA400C70433 /* Store.swift */,
				50BD6BAB246FFBCD00C70433 /* WalkAction.swift */,
				50BD6B81246FEC7800C70433 /* Info.plist */,
			);
			path = State;
			sourceTree = "<group>";
		};
		50BD6B8C246FEC7800C70433 /* StateTests */ = {
			isa = PBXGroup;
			children = (
				50BD6B8F246FEC7800C70433 /* Info.plist */,
				50BD6BAD246FFC6E00C70433 /* ReduceWalkingTests.swift */,
			);
			path = StateTests;
			sourceTree = "<group>";
		};
		50BD6B9E246FED6800C70433 /* Frameworks */ = {
			isa = PBXGroup;
			children = (
			);
			name = Frameworks;
			sourceTree = "<group>";
		};
/* End PBXGroup section */

/* Begin PBXHeadersBuildPhase section */
		50BD6B79246FEC7800C70433 /* Headers */ = {
			isa = PBXHeadersBuildPhase;
			buildActionMask = 2147483647;
			files = (
				50BD6B90246FEC7900C70433 /* State.h in Headers */,
			);
			runOnlyForDeploymentPostprocessing = 0;
		};
/* End PBXHeadersBuildPhase section */

/* Begin PBXNativeTarget section */
		50BD6B38246FD4E100C70433 /* ReSwift-Mario */ = {
			isa = PBXNativeTarget;
			buildConfigurationList = 50BD6B4D246FD4E200C70433 /* Build configuration list for PBXNativeTarget "ReSwift-Mario" */;
			buildPhases = (
				50BD6B35246FD4E100C70433 /* Sources */,
				50BD6B36246FD4E100C70433 /* Frameworks */,
				50BD6B37246FD4E100C70433 /* Resources */,
				50BD6B98246FEC7900C70433 /* Embed Frameworks */,
			);
			buildRules = (
			);
			dependencies = (
				50BD6B92246FEC7900C70433 /* PBXTargetDependency */,
			);
			name = "ReSwift-Mario";
			packageProductDependencies = (
			);
			productName = "ReSwift-Mario";
			productReference = 50BD6B39246FD4E100C70433 /* ReSwift-Mario.app */;
			productType = "com.apple.product-type.application";
		};
		50BD6B7D246FEC7800C70433 /* State */ = {
			isa = PBXNativeTarget;
			buildConfigurationList = 50BD6B95246FEC7900C70433 /* Build configuration list for PBXNativeTarget "State" */;
			buildPhases = (
				50BD6B79246FEC7800C70433 /* Headers */,
				50BD6B7A246FEC7800C70433 /* Sources */,
				50BD6B7B246FEC7800C70433 /* Frameworks */,
				50BD6B7C246FEC7800C70433 /* Resources */,
			);
			buildRules = (
			);
			dependencies = (
				50BD6BA2246FEDC100C70433 /* PBXTargetDependency */,
			);
			name = State;
			packageProductDependencies = (
				50BD6B9F246FED6800C70433 /* ReSwift */,
			);
			productName = State;
			productReference = 50BD6B7E246FEC7800C70433 /* State.framework */;
			productType = "com.apple.product-type.framework";
		};
		50BD6B85246FEC7800C70433 /* StateTests */ = {
			isa = PBXNativeTarget;
			buildConfigurationList = 50BD6B99246FEC7900C70433 /* Build configuration list for PBXNativeTarget "StateTests" */;
			buildPhases = (
				50BD6B82246FEC7800C70433 /* Sources */,
				50BD6B83246FEC7800C70433 /* Frameworks */,
				50BD6B84246FEC7800C70433 /* Resources */,
			);
			buildRules = (
			);
			dependencies = (
				50BD6B89246FEC7800C70433 /* PBXTargetDependency */,
				50BD6B8B246FEC7800C70433 /* PBXTargetDependency */,
			);
			name = StateTests;
			productName = StateTests;
			productReference = 50BD6B86246FEC7800C70433 /* StateTests.xctest */;
			productType = "com.apple.product-type.bundle.unit-test";
		};
/* End PBXNativeTarget section */

/* Begin PBXProject section */
		50BD6B31246FD4E100C70433 /* Project object */ = {
			isa = PBXProject;
			attributes = {
				LastSwiftUpdateCheck = 1130;
				LastUpgradeCheck = 1130;
				ORGANIZATIONNAME = "Christian Tietze";
				TargetAttributes = {
					50BD6B38246FD4E100C70433 = {
						CreatedOnToolsVersion = 11.3.1;
					};
					50BD6B7D246FEC7800C70433 = {
						CreatedOnToolsVersion = 11.3.1;
						LastSwiftMigration = 1130;
					};
					50BD6B85246FEC7800C70433 = {
						CreatedOnToolsVersion = 11.3.1;
						LastSwiftMigration = 1130;
						TestTargetID = 50BD6B38246FD4E100C70433;
					};
				};
			};
			buildConfigurationList = 50BD6B34246FD4E100C70433 /* Build configuration list for PBXProject "ReSwift-Mario" */;
			compatibilityVersion = "Xcode 9.3";
			developmentRegion = en;
			hasScannedForEncodings = 0;
			knownRegions = (
				en,
				Base,
			);
			mainGroup = 50BD6B30246FD4E100C70433;
			packageReferences = (
				50BD6B76246FEC5300C70433 /* XCRemoteSwiftPackageReference "ReSwift" */,
			);
			productRefGroup = 50BD6B3A246FD4E100C70433 /* Products */;
			projectDirPath = "";
			projectRoot = "";
			targets = (
				50BD6B38246FD4E100C70433 /* ReSwift-Mario */,
				50BD6B7D246FEC7800C70433 /* State */,
				50BD6B85246FEC7800C70433 /* StateTests */,
			);
		};
/* End PBXProject section */

/* Begin PBXResourcesBuildPhase section */
		50BD6B37246FD4E100C70433 /* Resources */ = {
			isa = PBXResourcesBuildPhase;
			buildActionMask = 2147483647;
			files = (
				50BD6B49246FD4E200C70433 /* LaunchScreen.storyboard in Resources */,
				50BD6B46246FD4E200C70433 /* Assets.xcassets in Resources */,
				50BD6B44246FD4E100C70433 /* Main.storyboard in Resources */,
			);
			runOnlyForDeploymentPostprocessing = 0;
		};
		50BD6B7C246FEC7800C70433 /* Resources */ = {
			isa = PBXResourcesBuildPhase;
			buildActionMask = 2147483647;
			files = (
			);
			runOnlyForDeploymentPostprocessing = 0;
		};
		50BD6B84246FEC7800C70433 /* Resources */ = {
			isa = PBXResourcesBuildPhase;
			buildActionMask = 2147483647;
			files = (
			);
			runOnlyForDeploymentPostprocessing = 0;
		};
/* End PBXResourcesBuildPhase section */

/* Begin PBXSourcesBuildPhase section */
		50BD6B35246FD4E100C70433 /* Sources */ = {
			isa = PBXSourcesBuildPhase;
			buildActionMask = 2147483647;
			files = (
				50BD6B41246FD4E100C70433 /* ViewController.swift in Sources */,
				50BD6B51246FD8FC00C70433 /* Then.swift in Sources */,
				50BD6B3D246FD4E100C70433 /* AppDelegate.swift in Sources */,
				50BD6BB0246FFFA300C70433 /* UIViewController+Child.swift in Sources */,
				50BD6BA8246FF84600C70433 /* NSLayoutConstraints+Helpers.swift in Sources */,
				50BD6B75246FE42200C70433 /* SceneDelegate.swift in Sources */,
				50BD6BAA246FFA5000C70433 /* KeyboardInputHandler.swift in Sources */,
				50BD6BA6246FF81E00C70433 /* PlayerViewController.swift in Sources */,
			);
			runOnlyForDeploymentPostprocessing = 0;
		};
		50BD6B7A246FEC7800C70433 /* Sources */ = {
			isa = PBXSourcesBuildPhase;
			buildActionMask = 2147483647;
			files = (
				50BD6BAC246FFBCD00C70433 /* WalkAction.swift in Sources */,
				50BD6B9D246FECA400C70433 /* Store.swift in Sources */,
			);
			runOnlyForDeploymentPostprocessing = 0;
		};
		50BD6B82246FEC7800C70433 /* Sources */ = {
			isa = PBXSourcesBuildPhase;
			buildActionMask = 2147483647;
			files = (
				50BD6BAE246FFC6E00C70433 /* ReduceWalkingTests.swift in Sources */,
			);
			runOnlyForDeploymentPostprocessing = 0;
		};
/* End PBXSourcesBuildPhase section */

/* Begin PBXTargetDependency section */
		50BD6B89246FEC7800C70433 /* PBXTargetDependency */ = {
			isa = PBXTargetDependency;
			target = 50BD6B7D246FEC7800C70433 /* State */;
			targetProxy = 50BD6B88246FEC7800C70433 /* PBXContainerItemProxy */;
		};
		50BD6B8B246FEC7800C70433 /* PBXTargetDependency */ = {
			isa = PBXTargetDependency;
			target = 50BD6B38246FD4E100C70433 /* ReSwift-Mario */;
			targetProxy = 50BD6B8A246FEC7800C70433 /* PBXContainerItemProxy */;
		};
		50BD6B92246FEC7900C70433 /* PBXTargetDependency */ = {
			isa = PBXTargetDependency;
			target = 50BD6B7D246FEC7800C70433 /* State */;
			targetProxy = 50BD6B91246FEC7900C70433 /* PBXContainerItemProxy */;
		};
		50BD6BA2246FEDC100C70433 /* PBXTargetDependency */ = {
			isa = PBXTargetDependency;
			productRef = 50BD6BA1246FEDC100C70433 /* ReSwift */;
		};
/* End PBXTargetDependency section */

/* Begin PBXVariantGroup section */
		50BD6B42246FD4E100C70433 /* Main.storyboard */ = {
			isa = PBXVariantGroup;
			children = (
				50BD6B43246FD4E100C70433 /* Base */,
			);
			name = Main.storyboard;
			sourceTree = "<group>";
		};
		50BD6B47246FD4E200C70433 /* LaunchScreen.storyboard */ = {
			isa = PBXVariantGroup;
			children = (
				50BD6B48246FD4E200C70433 /* Base */,
			);
			name = LaunchScreen.storyboard;
			sourceTree = "<group>";
		};
/* End PBXVariantGroup section */

/* Begin XCBuildConfiguration section */
		50BD6B4B246FD4E200C70433 /* Debug */ = {
			isa = XCBuildConfiguration;
			buildSettings = {
				ALWAYS_SEARCH_USER_PATHS = NO;
				CLANG_ANALYZER_NONNULL = YES;
				CLANG_ANALYZER_NUMBER_OBJECT_CONVERSION = YES_AGGRESSIVE;
				CLANG_CXX_LANGUAGE_STANDARD = "gnu++14";
				CLANG_CXX_LIBRARY = "libc++";
				CLANG_ENABLE_MODULES = YES;
				CLANG_ENABLE_OBJC_ARC = YES;
				CLANG_ENABLE_OBJC_WEAK = YES;
				CLANG_WARN_BLOCK_CAPTURE_AUTORELEASING = YES;
				CLANG_WARN_BOOL_CONVERSION = YES;
				CLANG_WARN_COMMA = YES;
				CLANG_WARN_CONSTANT_CONVERSION = YES;
				CLANG_WARN_DEPRECATED_OBJC_IMPLEMENTATIONS = YES;
				CLANG_WARN_DIRECT_OBJC_ISA_USAGE = YES_ERROR;
				CLANG_WARN_DOCUMENTATION_COMMENTS = YES;
				CLANG_WARN_EMPTY_BODY = YES;
				CLANG_WARN_ENUM_CONVERSION = YES;
				CLANG_WARN_INFINITE_RECURSION = YES;
				CLANG_WARN_INT_CONVERSION = YES;
				CLANG_WARN_NON_LITERAL_NULL_CONVERSION = YES;
				CLANG_WARN_OBJC_IMPLICIT_RETAIN_SELF = YES;
				CLANG_WARN_OBJC_LITERAL_CONVERSION = YES;
				CLANG_WARN_OBJC_ROOT_CLASS = YES_ERROR;
				CLANG_WARN_RANGE_LOOP_ANALYSIS = YES;
				CLANG_WARN_STRICT_PROTOTYPES = YES;
				CLANG_WARN_SUSPICIOUS_MOVE = YES;
				CLANG_WARN_UNGUARDED_AVAILABILITY = YES_AGGRESSIVE;
				CLANG_WARN_UNREACHABLE_CODE = YES;
				CLANG_WARN__DUPLICATE_METHOD_MATCH = YES;
				COPY_PHASE_STRIP = NO;
				DEBUG_INFORMATION_FORMAT = dwarf;
				ENABLE_STRICT_OBJC_MSGSEND = YES;
				ENABLE_TESTABILITY = YES;
				GCC_C_LANGUAGE_STANDARD = gnu11;
				GCC_DYNAMIC_NO_PIC = NO;
				GCC_NO_COMMON_BLOCKS = YES;
				GCC_OPTIMIZATION_LEVEL = 0;
				GCC_PREPROCESSOR_DEFINITIONS = (
					"DEBUG=1",
					"$(inherited)",
				);
				GCC_WARN_64_TO_32_BIT_CONVERSION = YES;
				GCC_WARN_ABOUT_RETURN_TYPE = YES_ERROR;
				GCC_WARN_UNDECLARED_SELECTOR = YES;
				GCC_WARN_UNINITIALIZED_AUTOS = YES_AGGRESSIVE;
				GCC_WARN_UNUSED_FUNCTION = YES;
				GCC_WARN_UNUSED_VARIABLE = YES;
				IPHONEOS_DEPLOYMENT_TARGET = 13.2;
				MTL_ENABLE_DEBUG_INFO = INCLUDE_SOURCE;
				MTL_FAST_MATH = YES;
				ONLY_ACTIVE_ARCH = YES;
				SDKROOT = iphoneos;
				SWIFT_ACTIVE_COMPILATION_CONDITIONS = DEBUG;
				SWIFT_OPTIMIZATION_LEVEL = "-Onone";
			};
			name = Debug;
		};
		50BD6B4C246FD4E200C70433 /* Release */ = {
			isa = XCBuildConfiguration;
			buildSettings = {
				ALWAYS_SEARCH_USER_PATHS = NO;
				CLANG_ANALYZER_NONNULL = YES;
				CLANG_ANALYZER_NUMBER_OBJECT_CONVERSION = YES_AGGRESSIVE;
				CLANG_CXX_LANGUAGE_STANDARD = "gnu++14";
				CLANG_CXX_LIBRARY = "libc++";
				CLANG_ENABLE_MODULES = YES;
				CLANG_ENABLE_OBJC_ARC = YES;
				CLANG_ENABLE_OBJC_WEAK = YES;
				CLANG_WARN_BLOCK_CAPTURE_AUTORELEASING = YES;
				CLANG_WARN_BOOL_CONVERSION = YES;
				CLANG_WARN_COMMA = YES;
				CLANG_WARN_CONSTANT_CONVERSION = YES;
				CLANG_WARN_DEPRECATED_OBJC_IMPLEMENTATIONS = YES;
				CLANG_WARN_DIRECT_OBJC_ISA_USAGE = YES_ERROR;
				CLANG_WARN_DOCUMENTATION_COMMENTS = YES;
				CLANG_WARN_EMPTY_BODY = YES;
				CLANG_WARN_ENUM_CONVERSION = YES;
				CLANG_WARN_INFINITE_RECURSION = YES;
				CLANG_WARN_INT_CONVERSION = YES;
				CLANG_WARN_NON_LITERAL_NULL_CONVERSION = YES;
				CLANG_WARN_OBJC_IMPLICIT_RETAIN_SELF = YES;
				CLANG_WARN_OBJC_LITERAL_CONVERSION = YES;
				CLANG_WARN_OBJC_ROOT_CLASS = YES_ERROR;
				CLANG_WARN_RANGE_LOOP_ANALYSIS = YES;
				CLANG_WARN_STRICT_PROTOTYPES = YES;
				CLANG_WARN_SUSPICIOUS_MOVE = YES;
				CLANG_WARN_UNGUARDED_AVAILABILITY = YES_AGGRESSIVE;
				CLANG_WARN_UNREACHABLE_CODE = YES;
				CLANG_WARN__DUPLICATE_METHOD_MATCH = YES;
				COPY_PHASE_STRIP = NO;
				DEBUG_INFORMATION_FORMAT = "dwarf-with-dsym";
				ENABLE_NS_ASSERTIONS = NO;
				ENABLE_STRICT_OBJC_MSGSEND = YES;
				GCC_C_LANGUAGE_STANDARD = gnu11;
				GCC_NO_COMMON_BLOCKS = YES;
				GCC_WARN_64_TO_32_BIT_CONVERSION = YES;
				GCC_WARN_ABOUT_RETURN_TYPE = YES_ERROR;
				GCC_WARN_UNDECLARED_SELECTOR = YES;
				GCC_WARN_UNINITIALIZED_AUTOS = YES_AGGRESSIVE;
				GCC_WARN_UNUSED_FUNCTION = YES;
				GCC_WARN_UNUSED_VARIABLE = YES;
				IPHONEOS_DEPLOYMENT_TARGET = 13.2;
				MTL_ENABLE_DEBUG_INFO = NO;
				MTL_FAST_MATH = YES;
				SDKROOT = iphoneos;
				SWIFT_COMPILATION_MODE = wholemodule;
				SWIFT_OPTIMIZATION_LEVEL = "-O";
				VALIDATE_PRODUCT = YES;
			};
			name = Release;
		};
		50BD6B4E246FD4E200C70433 /* Debug */ = {
			isa = XCBuildConfiguration;
			buildSettings = {
				ALWAYS_EMBED_SWIFT_STANDARD_LIBRARIES = YES;
				ASSETCATALOG_COMPILER_APPICON_NAME = AppIcon;
				CODE_SIGN_STYLE = Automatic;
				DEVELOPMENT_TEAM = FRMDA3XRGC;
				INFOPLIST_FILE = "ReSwift-Mario/Info.plist";
				LD_RUNPATH_SEARCH_PATHS = (
					"$(inherited)",
					"@executable_path/Frameworks",
				);
				PRODUCT_BUNDLE_IDENTIFIER = "de.christiantietze.ReSwift-Mario";
				PRODUCT_NAME = "$(TARGET_NAME)";
				SWIFT_VERSION = 5.0;
				TARGETED_DEVICE_FAMILY = "1,2";
			};
			name = Debug;
		};
		50BD6B4F246FD4E200C70433 /* Release */ = {
			isa = XCBuildConfiguration;
			buildSettings = {
				ALWAYS_EMBED_SWIFT_STANDARD_LIBRARIES = YES;
				ASSETCATALOG_COMPILER_APPICON_NAME = AppIcon;
				CODE_SIGN_STYLE = Automatic;
				DEVELOPMENT_TEAM = FRMDA3XRGC;
				INFOPLIST_FILE = "ReSwift-Mario/Info.plist";
				LD_RUNPATH_SEARCH_PATHS = (
					"$(inherited)",
					"@executable_path/Frameworks",
				);
				PRODUCT_BUNDLE_IDENTIFIER = "de.christiantietze.ReSwift-Mario";
				PRODUCT_NAME = "$(TARGET_NAME)";
				SWIFT_VERSION = 5.0;
				TARGETED_DEVICE_FAMILY = "1,2";
			};
			name = Release;
		};
		50BD6B96246FEC7900C70433 /* Debug */ = {
			isa = XCBuildConfiguration;
			buildSettings = {
				CLANG_ENABLE_MODULES = YES;
				CODE_SIGN_STYLE = Automatic;
				CURRENT_PROJECT_VERSION = 1;
				DEFINES_MODULE = YES;
				DEVELOPMENT_TEAM = FRMDA3XRGC;
				DYLIB_COMPATIBILITY_VERSION = 1;
				DYLIB_CURRENT_VERSION = 1;
				DYLIB_INSTALL_NAME_BASE = "@rpath";
				INFOPLIST_FILE = State/Info.plist;
				INSTALL_PATH = "$(LOCAL_LIBRARY_DIR)/Frameworks";
				LD_RUNPATH_SEARCH_PATHS = (
					"$(inherited)",
					"@executable_path/Frameworks",
					"@loader_path/Frameworks",
				);
				PRODUCT_BUNDLE_IDENTIFIER = de.christiantietze.State;
				PRODUCT_NAME = "$(TARGET_NAME:c99extidentifier)";
				SKIP_INSTALL = YES;
				SWIFT_OPTIMIZATION_LEVEL = "-Onone";
				SWIFT_VERSION = 5.0;
				TARGETED_DEVICE_FAMILY = "1,2";
				VERSIONING_SYSTEM = "apple-generic";
				VERSION_INFO_PREFIX = "";
			};
			name = Debug;
		};
		50BD6B97246FEC7900C70433 /* Release */ = {
			isa = XCBuildConfiguration;
			buildSettings = {
				CLANG_ENABLE_MODULES = YES;
				CODE_SIGN_STYLE = Automatic;
				CURRENT_PROJECT_VERSION = 1;
				DEFINES_MODULE = YES;
				DEVELOPMENT_TEAM = FRMDA3XRGC;
				DYLIB_COMPATIBILITY_VERSION = 1;
				DYLIB_CURRENT_VERSION = 1;
				DYLIB_INSTALL_NAME_BASE = "@rpath";
				INFOPLIST_FILE = State/Info.plist;
				INSTALL_PATH = "$(LOCAL_LIBRARY_DIR)/Frameworks";
				LD_RUNPATH_SEARCH_PATHS = (
					"$(inherited)",
					"@executable_path/Frameworks",
					"@loader_path/Frameworks",
				);
				PRODUCT_BUNDLE_IDENTIFIER = de.christiantietze.State;
				PRODUCT_NAME = "$(TARGET_NAME:c99extidentifier)";
				SKIP_INSTALL = YES;
				SWIFT_VERSION = 5.0;
				TARGETED_DEVICE_FAMILY = "1,2";
				VERSIONING_SYSTEM = "apple-generic";
				VERSION_INFO_PREFIX = "";
			};
			name = Release;
		};
		50BD6B9A246FEC7900C70433 /* Debug */ = {
			isa = XCBuildConfiguration;
			buildSettings = {
				ALWAYS_EMBED_SWIFT_STANDARD_LIBRARIES = YES;
				CLANG_ENABLE_MODULES = YES;
				CODE_SIGN_STYLE = Automatic;
				DEVELOPMENT_TEAM = FRMDA3XRGC;
				INFOPLIST_FILE = StateTests/Info.plist;
				LD_RUNPATH_SEARCH_PATHS = (
					"$(inherited)",
					"@executable_path/Frameworks",
					"@loader_path/Frameworks",
				);
				PRODUCT_BUNDLE_IDENTIFIER = de.christiantietze.StateTests;
				PRODUCT_NAME = "$(TARGET_NAME)";
				SWIFT_OPTIMIZATION_LEVEL = "-Onone";
				SWIFT_VERSION = 5.0;
				TARGETED_DEVICE_FAMILY = "1,2";
				TEST_HOST = "$(BUILT_PRODUCTS_DIR)/ReSwift-Mario.app/ReSwift-Mario";
			};
			name = Debug;
		};
		50BD6B9B246FEC7900C70433 /* Release */ = {
			isa = XCBuildConfiguration;
			buildSettings = {
				ALWAYS_EMBED_SWIFT_STANDARD_LIBRARIES = YES;
				CLANG_ENABLE_MODULES = YES;
				CODE_SIGN_STYLE = Automatic;
				DEVELOPMENT_TEAM = FRMDA3XRGC;
				INFOPLIST_FILE = StateTests/Info.plist;
				LD_RUNPATH_SEARCH_PATHS = (
					"$(inherited)",
					"@executable_path/Frameworks",
					"@loader_path/Frameworks",
				);
				PRODUCT_BUNDLE_IDENTIFIER = de.christiantietze.StateTests;
				PRODUCT_NAME = "$(TARGET_NAME)";
				SWIFT_VERSION = 5.0;
				TARGETED_DEVICE_FAMILY = "1,2";
				TEST_HOST = "$(BUILT_PRODUCTS_DIR)/ReSwift-Mario.app/ReSwift-Mario";
			};
			name = Release;
		};
/* End XCBuildConfiguration section */

/* Begin XCConfigurationList section */
		50BD6B34246FD4E100C70433 /* Build configuration list for PBXProject "ReSwift-Mario" */ = {
			isa = XCConfigurationList;
			buildConfigurations = (
				50BD6B4B246FD4E200C70433 /* Debug */,
				50BD6B4C246FD4E200C70433 /* Release */,
			);
			defaultConfigurationIsVisible = 0;
			defaultConfigurationName = Release;
		};
		50BD6B4D246FD4E200C70433 /* Build configuration list for PBXNativeTarget "ReSwift-Mario" */ = {
			isa = XCConfigurationList;
			buildConfigurations = (
				50BD6B4E246FD4E200C70433 /* Debug */,
				50BD6B4F246FD4E200C70433 /* Release */,
			);
			defaultConfigurationIsVisible = 0;
			defaultConfigurationName = Release;
		};
		50BD6B95246FEC7900C70433 /* Build configuration list for PBXNativeTarget "State" */ = {
			isa = XCConfigurationList;
			buildConfigurations = (
				50BD6B96246FEC7900C70433 /* Debug */,
				50BD6B97246FEC7900C70433 /* Release */,
			);
			defaultConfigurationIsVisible = 0;
			defaultConfigurationName = Release;
		};
		50BD6B99246FEC7900C70433 /* Build configuration list for PBXNativeTarget "StateTests" */ = {
			isa = XCConfigurationList;
			buildConfigurations = (
				50BD6B9A246FEC7900C70433 /* Debug */,
				50BD6B9B246FEC7900C70433 /* Release */,
			);
			defaultConfigurationIsVisible = 0;
			defaultConfigurationName = Release;
		};
/* End XCConfigurationList section */

/* Begin XCRemoteSwiftPackageReference section */
		50BD6B76246FEC5300C70433 /* XCRemoteSwiftPackageReference "ReSwift" */ = {
			isa = XCRemoteSwiftPackageReference;
			repositoryURL = "https://github.com/ReSwift/ReSwift";
			requirement = {
				kind = upToNextMajorVersion;
				minimumVersion = 5.0.0;
			};
		};
/* End XCRemoteSwiftPackageReference section */

/* Begin XCSwiftPackageProductDependency section */
		50BD6B9F246FED6800C70433 /* ReSwift */ = {
			isa = XCSwiftPackageProductDependency;
			package = 50BD6B76246FEC5300C70433 /* XCRemoteSwiftPackageReference "ReSwift" */;
			productName = ReSwift;
		};
		50BD6BA1246FEDC100C70433 /* ReSwift */ = {
			isa = XCSwiftPackageProductDependency;
			package = 50BD6B76246FEC5300C70433 /* XCRemoteSwiftPackageReference "ReSwift" */;
			productName = ReSwift;
		};
/* End XCSwiftPackageProductDependency section */
	};
	rootObject = 50BD6B31246FD4E100C70433 /* Project object */;
}
